PODS:
  - Flutter (1.0.0)
  - flutter_okta_sdk (0.0.1):
    - Flutter
    - OktaJWT
    - OktaOidc
  - flutter_secure_storage (3.3.1):
    - Flutter
  - fluttertoast (0.0.2):
    - Flutter
    - Toast
  - OktaJWT (2.3.2)
  - OktaOidc (3.10.1):
    - OktaOidc/AppAuth (= 3.10.1)
    - OktaOidc/Okta (= 3.10.1)
  - OktaOidc/AppAuth (3.10.1)
  - OktaOidc/Okta (3.10.1):
    - OktaOidc/AppAuth
  - Toast (4.0.0)

DEPENDENCIES:
  - Flutter (from `Flutter`)
  - flutter_okta_sdk (from `.symlinks/plugins/flutter_okta_sdk/ios`)
  - flutter_secure_storage (from `.symlinks/plugins/flutter_secure_storage/ios`)
  - fluttertoast (from `.symlinks/plugins/fluttertoast/ios`)

SPEC REPOS:
  trunk:
    - OktaJWT
    - OktaOidc
    - Toast

EXTERNAL SOURCES:
  Flutter:
    :path: Flutter
  flutter_okta_sdk:
    :path: ".symlinks/plugins/flutter_okta_sdk/ios"
  flutter_secure_storage:
    :path: ".symlinks/plugins/flutter_secure_storage/ios"
  fluttertoast:
    :path: ".symlinks/plugins/fluttertoast/ios"

SPEC CHECKSUMS:
  Flutter: 434fef37c0980e73bb6479ef766c45957d4b510c
  flutter_okta_sdk: 789afef402d2f0f6661c0775dbca1af2f28cc821
  flutter_secure_storage: 7953c38a04c3fdbb00571bcd87d8e3b5ceb9daec
  fluttertoast: 6122fa75143e992b1d3470f61000f591a798cc58
  OktaJWT: b5e3872ab185c9a37264e8a7210c336239e14531
  OktaOidc: a768c4583eb62cb6fe93f4020e11cff48750c623
  Toast: 91b396c56ee72a5790816f40d3a94dd357abc196

PODFILE CHECKSUM: f10c0438b63bc24e6bbc207956dc27d16c4408f2

COCOAPODS: 1.10.1
